SITE
  remote: http://community.opscode.com/api/v1
  specs:
    apache2 (1.0.4)
    apt (1.2.2)
    git (0.10.0)
      runit (>= 0.0.0)
      yum (>= 0.0.0)
    iptables (0.9.3)
    java (1.1.0)
      apt (>= 0)
    runit (0.14.2)
    selinux (0.5.0)
    yum (0.5.2)

GIT
  remote: https://github.com/fnichol/chef-jenkins
  ref: master
  sha: 317ab1983718559395ac639248b34ab1e4ae5778
  specs:
    jenkins (0.5.0)
      iptables (>= 0.0.0)
      java (>= 0.0.0)
      runit (>= 0.0.0)

PATH
  remote: cookbooks-sources/zenosslabs
  specs:
    zenosslabs (0.0.1)

DEPENDENCIES
  apache2 (>= 0)
  apt (>= 0)
  git (>= 0)
  iptables (>= 0)
  java (>= 0)
  jenkins (>= 0)
  selinux (>= 0)
  yum (>= 0)
  zenosslabs (>= 0)

